
Microsoft Visual Studio Solution File, Format Version 12.00
# Visual Studio 15
VisualStudioVersion = 15.0.28307.421
MinimumVisualStudioVersion = 10.0.40219.1
Project("{FAE04EC0-301F-11D3-BF4B-00C04F79EFBC}") = "Shapes", "Shapes\Shapes.csproj", "{C37A9A43-E09D-4CAE-AD23-8663B4671714}"
EndProject
Global
	GlobalSection(SolutionConfigurationPlatforms) = preSolution
		Debug|Any CPU = Debug|Any CPU
		Release|Any CPU = Release|Any CPU
	EndGlobalSection
	GlobalSection(ProjectConfigurationPlatforms) = postSolution
		{C37A9A43-E09D-4CAE-AD23-8663B4671714}.Debug|Any CPU.ActiveCfg = Debug|Any CPU
		{C37A9A43-E09D-4CAE-AD23-8663B4671714}.Debug|Any CPU.Build.0 = Debug|Any CPU
		{C37A9A43-E09D-4CAE-AD23-8663B4671714}.Release|Any CPU.ActiveCfg = Release|Any CPU
		{C37A9A43-E09D-4CAE-AD23-8663B4671714}.Release|Any CPU.Build.0 = Release|Any CPU
	EndGlobalSection
	GlobalSection(SolutionProperties) = preSolution
		HideSolutionNode = FALSE
	EndGlobalSection
	GlobalSection(ExtensibilityGlobals) = postSolution
		SolutionGuid = {7C6F6151-3FB2-4AE6-ACD3-7EA6CC72252B}
	EndGlobalSection
EndGlobal
